
Microsoft Visual Studio Solution File, Format Version 12.00
# Visual Studio Version 17
VisualStudioVersion = 17.4.33213.308
MinimumVisualStudioVersion = 10.0.40219.1
Project("{FAE04EC0-301F-11D3-BF4B-00C04F79EFBC}") = "FirstProject", "FirstProject\FirstProject.csproj", "{A3908A59-0021-4C8E-9EEF-65EE1EF28764}"
EndProject
Global
	GlobalSection(SolutionConfigurationPlatforms) = preSolution
		Debug|Any CPU = Debug|Any CPU
		Release|Any CPU = Release|Any CPU
	EndGlobalSection
	GlobalSection(ProjectConfigurationPlatforms) = postSolution
		{A3908A59-0021-4C8E-9EEF-65EE1EF28764}.Debug|Any CPU.ActiveCfg = Debug|Any CPU
		{A3908A59-0021-4C8E-9EEF-65EE1EF28764}.Debug|Any CPU.Build.0 = Debug|Any CPU
		{A3908A59-0021-4C8E-9EEF-65EE1EF28764}.Release|Any CPU.ActiveCfg = Release|Any CPU
		{A3908A59-0021-4C8E-9EEF-65EE1EF28764}.Release|Any CPU.Build.0 = Release|Any CPU
	EndGlobalSection
	GlobalSection(SolutionProperties) = preSolution
		HideSolutionNode = FALSE
	EndGlobalSection
	GlobalSection(ExtensibilityGlobals) = postSolution
		SolutionGuid = {C824463D-FA47-427C-97E4-F7531B97B550}
	EndGlobalSection
EndGlobal
